<?xml version="1.0" encoding="utf-8"?>
<Project ToolsVersion="4.0" xmlns="http://schemas.microsoft.com/developer/msbuild/2003">
  <ItemGroup>
    <Filter Include="Source Files">
      <UniqueIdentifier>{4FC737F1-C7A5-4376-A066-2A32D752A2FF}</UniqueIdentifier>
      <Extensions>cpp;c;cc;cxx;def;odl;idl;hpj;bat;asm;asmx</Extensions>
    </Filter>
    <Filter Include="Header Files">
      <UniqueIdentifier>{93995380-89BD-4b04-88EB-625FBE52EBFB}</UniqueIdentifier>
      <Extensions>h;hh;hpp;hxx;hm;inl;inc;xsd</Extensions>
    </Filter>
    <Filter Include="Resource Files">
      <UniqueIdentifier>{67DA6AB6-F800-4c08-8B7A-83BB121AAD01}</UniqueIdentifier>
      <Extensions>rc;ico;cur;bmp;dlg;rc2;rct;bin;rgs;gif;jpg;jpeg;jpe;resx;tiff;tif;png;wav;mfcribbon-ms</Extensions>
    </Filter>
  </ItemGroup>
  <ItemGroup>
    <ClInclude Include="Atomic.h">
      <Filter>Header Files</Filter>
    </ClInclude>
    <ClInclude Include="ServerDefs.h">
      <Filter>Header Files</Filter>
    </ClInclude>
    <ClInclude Include="win32.h">
      <Filter>Header Files</Filter>
    </ClInclude>
    <ClInclude Include="FileStream.h">
      <Filter>Header Files</Filter>
    </ClInclude>
    <ClInclude Include="StringUtils.h">
      <Filter>Header Files</Filter>
    </ClInclude>
    <ClInclude Include="typeDefs.h">
      <Filter>Header Files</Filter>
    </ClInclude>
    <ClInclude Include="Utils.h">
      <Filter>Header Files</Filter>
    </ClInclude>
    <ClInclude Include="Enums\AchievementEnum.h">
      <Filter>Header Files</Filter>
    </ClInclude>
    <ClInclude Include="Enums\ArbiterHandlersEnum.h">
      <Filter>Header Files</Filter>
    </ClInclude>
    <ClInclude Include="Enums\BroadcastEnum.h">
      <Filter>Header Files</Filter>
    </ClInclude>
    <ClInclude Include="Enums\CCEnum.h">
      <Filter>Header Files</Filter>
    </ClInclude>
    <ClInclude Include="Enums\ChatEnum.h">
      <Filter>Header Files</Filter>
    </ClInclude>
    <ClInclude Include="Enums\ClusterEnum.h">
      <Filter>Header Files</Filter>
    </ClInclude>
    <ClInclude Include="Enums\ConnectionEnum.h">
      <Filter>Header Files</Filter>
    </ClInclude>
    <ClInclude Include="Enums\ContractEnum.h">
      <Filter>Header Files</Filter>
    </ClInclude>
    <ClInclude Include="Enums\CreatureEnums.h">
      <Filter>Header Files</Filter>
    </ClInclude>
    <ClInclude Include="Enums\EquipmentEnums.h">
      <Filter>Header Files</Filter>
    </ClInclude>
    <ClInclude Include="Enums\ItemEnums.h">
      <Filter>Header Files</Filter>
    </ClInclude>
    <ClInclude Include="Enums\JobEnums.h">
      <Filter>Header Files</Filter>
    </ClInclude>
    <ClInclude Include="Enums\LfeTaskEnum.h">
      <Filter>Header Files</Filter>
    </ClInclude>
    <ClInclude Include="Enums\NpcEnums.h">
      <Filter>Header Files</Filter>
    </ClInclude>
    <ClInclude Include="Enums\PassivityEnums.h">
      <Filter>Header Files</Filter>
    </ClInclude>
    <ClInclude Include="Enums\PlayerEnum.h">
      <Filter>Header Files</Filter>
    </ClInclude>
    <ClInclude Include="Enums\ResponseEnum.h">
      <Filter>Header Files</Filter>
    </ClInclude>
    <ClInclude Include="Enums\SkillEnum.h">
      <Filter>Header Files</Filter>
    </ClInclude>
    <ClInclude Include="Enums\ZoneEnums.h">
      <Filter>Header Files</Filter>
    </ClInclude>
    <ClInclude Include="Enums\DataStoreEnums.h">
      <Filter>Header Files</Filter>
    </ClInclude>
    <ClInclude Include="Random.h">
      <Filter>Header Files</Filter>
    </ClInclude>
    <ClInclude Include="Enums\AbnormalityEnums.h">
      <Filter>Header Files</Filter>
    </ClInclude>
    <ClInclude Include="MathStructs.h">
      <Filter>Header Files</Filter>
    </ClInclude>
    <ClInclude Include="SimpleStack.h">
      <Filter>Header Files</Filter>
    </ClInclude>
    <ClInclude Include="Enums\ConfigEnums.h">
      <Filter>Header Files</Filter>
    </ClInclude>
    <ClInclude Include="winsock.h">
      <Filter>Header Files</Filter>
    </ClInclude>
    <ClInclude Include="IOCP.h">
      <Filter>Header Files</Filter>
    </ClInclude>
    <ClInclude Include="WorkItems.h">
      <Filter>Header Files</Filter>
    </ClInclude>
    <ClInclude Include="Enums\WorkItemType.h">
      <Filter>Header Files</Filter>
    </ClInclude>
    <ClInclude Include="Enums\AccountEnums.h">
      <Filter>Header Files</Filter>
    </ClInclude>
    <ClInclude Include="Stream.h">
      <Filter>Header Files</Filter>
    </ClInclude>
    <ClInclude Include="SendStream.h">
      <Filter>Header Files</Filter>
    </ClInclude>
  </ItemGroup>
  <ItemGroup>
    <ClCompile Include="FileStream.cpp">
      <Filter>Source Files</Filter>
    </ClCompile>
    <ClCompile Include="StringUtils.cpp">
      <Filter>Source Files</Filter>
    </ClCompile>
    <ClCompile Include="Utils.cpp">
      <Filter>Source Files</Filter>
    </ClCompile>
    <ClCompile Include="Random.cpp">
      <Filter>Source Files</Filter>
    </ClCompile>
    <ClCompile Include="SimpleStack.cpp">
      <Filter>Source Files</Filter>
    </ClCompile>
    <ClCompile Include="IOCP.cpp">
      <Filter>Source Files</Filter>
    </ClCompile>
    <ClCompile Include="Stream.cpp">
      <Filter>Source Files</Filter>
    </ClCompile>
  </ItemGroup>
</Project>